name: Flake lock

on:
  schedule:
    - cron: "0 5 * * 1"
  workflow_dispatch:

permissions:
  contents: read

jobs:
  update:
    runs-on: ubuntu-latest
    timeout-minutes: 20
    permissions:
      contents: write
      pull-requests: write
    steps:
      - uses: actions/checkout@v7
      - uses: DeterminateSystems/nix-installer-action@v22
      - uses: DeterminateSystems/update-flake-lock@v28
        with:
          pr-title: "Bump flake.lock"
          pr-labels: dependencies
          token: ${{ secrets.GITHUB_TOKEN }}
